
Microsoft Visual Studio Solution File, Format Version 12.00
# Visual Studio Version 17
VisualStudioVersion = 17.8.34511.84
MinimumVisualStudioVersion = 10.0.40219.1
Project("{FAE04EC0-301F-11D3-BF4B-00C04F79EFBC}") = "CollectionViewScrollCrash", "CollectionViewScrollCrash\CollectionViewScrollCrash.csproj", "{DD604254-1C8B-4E95-B602-43B9B7DD164D}"
EndProject
Global
	GlobalSection(SolutionConfigurationPlatforms) = preSolution
		Debug|Any CPU = Debug|Any CPU
		Release|Any CPU = Release|Any CPU
	EndGlobalSection
	GlobalSection(ProjectConfigurationPlatforms) = postSolution
		{DD604254-1C8B-4E95-B602-43B9B7DD164D}.Debug|Any CPU.ActiveCfg = Debug|Any CPU
		{DD604254-1C8B-4E95-B602-43B9B7DD164D}.Debug|Any CPU.Build.0 = Debug|Any CPU
		{DD604254-1C8B-4E95-B602-43B9B7DD164D}.Debug|Any CPU.Deploy.0 = Debug|Any CPU
		{DD604254-1C8B-4E95-B602-43B9B7DD164D}.Release|Any CPU.ActiveCfg = Release|Any CPU
		{DD604254-1C8B-4E95-B602-43B9B7DD164D}.Release|Any CPU.Build.0 = Release|Any CPU
		{DD604254-1C8B-4E95-B602-43B9B7DD164D}.Release|Any CPU.Deploy.0 = Release|Any CPU
	EndGlobalSection
	GlobalSection(SolutionProperties) = preSolution
		HideSolutionNode = FALSE
	EndGlobalSection
	GlobalSection(ExtensibilityGlobals) = postSolution
		SolutionGuid = {37BFE089-C838-4724-920E-F5310FA6C6BB}
	EndGlobalSection
EndGlobal
